
Microsoft Visual Studio Solution File, Format Version 12.00
# Visual Studio 15
VisualStudioVersion = 15.0.27130.2036
MinimumVisualStudioVersion = 10.0.40219.1
Project("{FAE04EC0-301F-11D3-BF4B-00C04F79EFBC}") = "GUI", "PodCast\GUI.csproj", "{A877F5C5-C086-492C-B432-D680C3BBD92B}"
EndProject
Project("{FAE04EC0-301F-11D3-BF4B-00C04F79EFBC}") = "Data", "Data\Data.csproj", "{BBCD974F-FBE5-4D5E-BAFB-17A62B581129}"
EndProject
Project("{FAE04EC0-301F-11D3-BF4B-00C04F79EFBC}") = "Logic", "Logic\Logic.csproj", "{532AA98D-9C38-4FE1-BC7C-E0B4608EE168}"
EndProject
Global
	GlobalSection(SolutionConfigurationPlatforms) = preSolution
		Debug|Any CPU = Debug|Any CPU
		Release|Any CPU = Release|Any CPU
	EndGlobalSection
	GlobalSection(ProjectConfigurationPlatforms) = postSolution
		{A877F5C5-C086-492C-B432-D680C3BBD92B}.Debug|Any CPU.ActiveCfg = Debug|Any CPU
		{A877F5C5-C086-492C-B432-D680C3BBD92B}.Debug|Any CPU.Build.0 = Debug|Any CPU
		{A877F5C5-C086-492C-B432-D680C3BBD92B}.Release|Any CPU.ActiveCfg = Release|Any CPU
		{A877F5C5-C086-492C-B432-D680C3BBD92B}.Release|Any CPU.Build.0 = Release|Any CPU
		{BBCD974F-FBE5-4D5E-BAFB-17A62B581129}.Debug|Any CPU.ActiveCfg = Debug|Any CPU
		{BBCD974F-FBE5-4D5E-BAFB-17A62B581129}.Debug|Any CPU.Build.0 = Debug|Any CPU
		{BBCD974F-FBE5-4D5E-BAFB-17A62B581129}.Release|Any CPU.ActiveCfg = Release|Any CPU
		{BBCD974F-FBE5-4D5E-BAFB-17A62B581129}.Release|Any CPU.Build.0 = Release|Any CPU
		{532AA98D-9C38-4FE1-BC7C-E0B4608EE168}.Debug|Any CPU.ActiveCfg = Debug|Any CPU
		{532AA98D-9C38-4FE1-BC7C-E0B4608EE168}.Debug|Any CPU.Build.0 = Debug|Any CPU
		{532AA98D-9C38-4FE1-BC7C-E0B4608EE168}.Release|Any CPU.ActiveCfg = Release|Any CPU
		{532AA98D-9C38-4FE1-BC7C-E0B4608EE168}.Release|Any CPU.Build.0 = Release|Any CPU
	EndGlobalSection
	GlobalSection(SolutionProperties) = preSolution
		HideSolutionNode = FALSE
	EndGlobalSection
	GlobalSection(ExtensibilityGlobals) = postSolution
		SolutionGuid = {83D56E85-0927-47A5-AD85-2E23A0DFC106}
	EndGlobalSection
EndGlobal
